
Microsoft Visual Studio Solution File, Format Version 12.00
# Visual Studio 2013
VisualStudioVersion = 12.0.21005.1
MinimumVisualStudioVersion = 10.0.40219.1
Project("{FAE04EC0-301F-11D3-BF4B-00C04F79EFBC}") = "Kesco.Web.Mvc.Compression", "Kesco.Web.Mvc.Compression\Kesco.Web.Mvc.Compression.csproj", "{8BFCD8AD-127B-46C6-8EEC-14EB8C7B314F}"
EndProject
Project("{FAE04EC0-301F-11D3-BF4B-00C04F79EFBC}") = "Kesco.Web.Mvc.SharedViews", "Kesco.Web.Mvc.SharedViews\Kesco.Web.Mvc.SharedViews.csproj", "{202437B6-9919-4B9B-9351-7496DDCB280A}"
EndProject
Project("{FAE04EC0-301F-11D3-BF4B-00C04F79EFBC}") = "Kesco.BaseExtensions", "Kesco.BaseExtensions\Kesco.BaseExtensions.csproj", "{0C4D6DE0-DAF5-49D7-BC56-F79287332045}"
EndProject
Project("{FAE04EC0-301F-11D3-BF4B-00C04F79EFBC}") = "Kesco.Web.Mvc.UI", "Kesco.Web.Mvc.UI\Kesco.Web.Mvc.UI.csproj", "{76AD79C0-57D1-42A0-B6F6-716D894813CC}"
EndProject
Project("{FAE04EC0-301F-11D3-BF4B-00C04F79EFBC}") = "Kesco.ComponentModel", "Kesco.ComponentModel\Kesco.ComponentModel.csproj", "{1170B0D6-2512-474E-9C69-DEBB7EF5904A}"
EndProject
Project("{FAE04EC0-301F-11D3-BF4B-00C04F79EFBC}") = "Kesco.DataAccess", "Kesco.DataAccess\Kesco.DataAccess.csproj", "{9E72B472-D36D-496F-9FF7-EE2CAEB26003}"
EndProject
Project("{FAE04EC0-301F-11D3-BF4B-00C04F79EFBC}") = "Kesco.ObjectModel", "Kesco.ObjectModel\Kesco.ObjectModel.csproj", "{195A7C92-EC1B-4AF6-92B7-BA53CB643A16}"
EndProject
Project("{F088123C-0E9E-452A-89E6-6BA2F21D5CAC}") = "Kesco.Common.Modelling", "Kesco.Common.Modelling\Kesco.Common.Modelling.modelproj", "{992B5172-5694-4340-8AED-04BDA1EF0F63}"
EndProject
Project("{FAE04EC0-301F-11D3-BF4B-00C04F79EFBC}") = "Kesco.ClassExtensions", "Kesco.ClassExtensions\Kesco.ClassExtensions.csproj", "{BE40DC15-64E2-4861-9148-A891932C123C}"
EndProject
Project("{FAE04EC0-301F-11D3-BF4B-00C04F79EFBC}") = "Kesco.Utilities", "Kesco.Utilities\Kesco.Utilities.csproj", "{2EBA366E-5675-4C8D-BC2D-C3A2372508E4}"
EndProject
Project("{FAE04EC0-301F-11D3-BF4B-00C04F79EFBC}") = "Kesco.Linq.Dynamic", "Kesco.Linq.Dynamic\Kesco.Linq.Dynamic.csproj", "{9E29EF27-3F61-46D5-AF6C-8E07E6C3107C}"
EndProject
Project("{FAE04EC0-301F-11D3-BF4B-00C04F79EFBC}") = "Kesco.Web.Mvc.UI.Controls", "Kesco.Web.Mvc.UI.Controls\Kesco.Web.Mvc.UI.Controls.csproj", "{74F7678F-70A3-4441-BF17-E7B75B3F80E5}"
EndProject
Project("{FAE04EC0-301F-11D3-BF4B-00C04F79EFBC}") = "Kesco.Web.Mvc.Test", "Kesco.Web.Mvc.Test\Kesco.Web.Mvc.Test.csproj", "{763CF04C-DEFB-4B6E-A52A-F5C36E20A2A2}"
EndProject
Project("{FAE04EC0-301F-11D3-BF4B-00C04F79EFBC}") = "Kesco.Lib.Log", "Kesco.Lib.Log\Kesco.Lib.Log.csproj", "{FC924B22-160A-4F7F-98EB-63E420DE694E}"
EndProject
Project("{FAE04EC0-301F-11D3-BF4B-00C04F79EFBC}") = "Kesco.Territories.ObjectModel", "Kesco.Territories.ObjectModel\Kesco.Territories.ObjectModel.csproj", "{62C764EF-3080-49FE-A707-B44EB9A33ED0}"
EndProject
Project("{FAE04EC0-301F-11D3-BF4B-00C04F79EFBC}") = "Kesco.Territories.BusinessLogic", "Kesco.Territories.BusinessLogic\Kesco.Territories.BusinessLogic.csproj", "{42E9C594-1C25-4501-A421-4697EDB76B01}"
EndProject
Project("{FAE04EC0-301F-11D3-BF4B-00C04F79EFBC}") = "Kesco.Territories.Controls", "Kesco.Territories.Controls\Kesco.Territories.Controls.csproj", "{89C27911-8685-4454-A6C4-E06415AFE096}"
EndProject
Project("{FAE04EC0-301F-11D3-BF4B-00C04F79EFBC}") = "Kesco.ApplicationServices", "Kesco.ApplicationServices\Kesco.ApplicationServices.csproj", "{64C8F921-DBF3-490A-AB1F-385EB1C41D53}"
EndProject
Project("{FAE04EC0-301F-11D3-BF4B-00C04F79EFBC}") = "Kesco.BusinessProjects.BusinessLogic", "Kesco.BusinessProjects.BusinessLogic\Kesco.BusinessProjects.BusinessLogic.csproj", "{C5C006B4-2EE2-4AD1-B338-B6C7F6FF2BFA}"
EndProject
Project("{FAE04EC0-301F-11D3-BF4B-00C04F79EFBC}") = "Kesco.BusinessProjects.ObjectModel", "Kesco.BusinessProjects.ObjectModel\Kesco.BusinessProjects.ObjectModel.csproj", "{C7ED894E-1A28-4FE0-86EB-8A1BA341B860}"
EndProject
Project("{FAE04EC0-301F-11D3-BF4B-00C04F79EFBC}") = "Kesco.BusinessProjects.Controls", "Kesco.BusinessProjects.Controls\Kesco.BusinessProjects.Controls.csproj", "{A42273F8-0046-4D30-8639-899EDD9B2A57}"
EndProject
Project("{FAE04EC0-301F-11D3-BF4B-00C04F79EFBC}") = "Kesco.Employees.ObjectModel", "Kesco.Employees.ObjectModel\Kesco.Employees.ObjectModel.csproj", "{6217B3B3-2007-4AD7-8C8E-499178B15104}"
EndProject
Project("{FAE04EC0-301F-11D3-BF4B-00C04F79EFBC}") = "Kesco.Employees.BusinessLogic", "Kesco.Employees.BusinessLogic\Kesco.Employees.BusinessLogic.csproj", "{07D069E2-7D7B-4BF1-B509-E3FEC0A7CEFC}"
EndProject
Project("{FAE04EC0-301F-11D3-BF4B-00C04F79EFBC}") = "Kesco.Employees.Controls", "Kesco.Employees.Controls\Kesco.Employees.Controls.csproj", "{41159393-55B8-4285-885A-3A07BEB49668}"
EndProject
Project("{FAE04EC0-301F-11D3-BF4B-00C04F79EFBC}") = "Kesco.Persons.ObjectModel", "Kesco.Persons.ObjectModel\Kesco.Persons.ObjectModel.csproj", "{38AB830F-A950-47FE-B439-2EC9204B6AC4}"
EndProject
Project("{FAE04EC0-301F-11D3-BF4B-00C04F79EFBC}") = "Kesco.Persons.BusinessLogic", "Kesco.Persons.BusinessLogic\Kesco.Persons.BusinessLogic.csproj", "{8A7AA7F5-634E-4E27-99B4-6F689DE05DA2}"
EndProject
Project("{FAE04EC0-301F-11D3-BF4B-00C04F79EFBC}") = "Kesco.Persons.Controls", "Kesco.Persons.Controls\Kesco.Persons.Controls.csproj", "{133E63BA-83EC-4FB8-BADF-8D13DCC3CBAD}"
EndProject
Project("{FAE04EC0-301F-11D3-BF4B-00C04F79EFBC}") = "Kesco.Persons.Web", "Kesco.Persons.Web\Kesco.Persons.Web.csproj", "{EDCB6EA5-7051-42CA-95CE-5B57F9CFE8CC}"
EndProject
Global
	GlobalSection(SubversionScc) = preSolution
		Svn-Managed = True
		Manager = AnkhSVN - Subversion Support for Visual Studio
	EndGlobalSection
	GlobalSection(SolutionConfigurationPlatforms) = preSolution
		Debug FW 3.5|Any CPU = Debug FW 3.5|Any CPU
		Debug FW 3.5|x86 = Debug FW 3.5|x86
		Debug|Any CPU = Debug|Any CPU
		Debug|x86 = Debug|x86
		Release|Any CPU = Release|Any CPU
		Release|x86 = Release|x86
		ReleaseWithAdvancedLogging|Any CPU = ReleaseWithAdvancedLogging|Any CPU
		ReleaseWithAdvancedLogging|x86 = ReleaseWithAdvancedLogging|x86
	EndGlobalSection
	GlobalSection(ProjectConfigurationPlatforms) = postSolution
		{8BFCD8AD-127B-46C6-8EEC-14EB8C7B314F}.Debug FW 3.5|Any CPU.ActiveCfg = Debug|Any CPU
		{8BFCD8AD-127B-46C6-8EEC-14EB8C7B314F}.Debug FW 3.5|Any CPU.Build.0 = Debug|Any CPU
		{8BFCD8AD-127B-46C6-8EEC-14EB8C7B314F}.Debug FW 3.5|x86.ActiveCfg = Debug|Any CPU
		{8BFCD8AD-127B-46C6-8EEC-14EB8C7B314F}.Debug|Any CPU.ActiveCfg = Debug|Any CPU
		{8BFCD8AD-127B-46C6-8EEC-14EB8C7B314F}.Debug|Any CPU.Build.0 = Debug|Any CPU
		{8BFCD8AD-127B-46C6-8EEC-14EB8C7B314F}.Debug|x86.ActiveCfg = Debug|Any CPU
		{8BFCD8AD-127B-46C6-8EEC-14EB8C7B314F}.Release|Any CPU.ActiveCfg = Release|Any CPU
		{8BFCD8AD-127B-46C6-8EEC-14EB8C7B314F}.Release|Any CPU.Build.0 = Release|Any CPU
		{8BFCD8AD-127B-46C6-8EEC-14EB8C7B314F}.Release|x86.ActiveCfg = Release|Any CPU
		{8BFCD8AD-127B-46C6-8EEC-14EB8C7B314F}.ReleaseWithAdvancedLogging|Any CPU.ActiveCfg = Release|Any CPU
		{8BFCD8AD-127B-46C6-8EEC-14EB8C7B314F}.ReleaseWithAdvancedLogging|Any CPU.Build.0 = Release|Any CPU
		{8BFCD8AD-127B-46C6-8EEC-14EB8C7B314F}.ReleaseWithAdvancedLogging|x86.ActiveCfg = Release|Any CPU
		{202437B6-9919-4B9B-9351-7496DDCB280A}.Debug FW 3.5|Any CPU.ActiveCfg = Debug|Any CPU
		{202437B6-9919-4B9B-9351-7496DDCB280A}.Debug FW 3.5|Any CPU.Build.0 = Debug|Any CPU
		{202437B6-9919-4B9B-9351-7496DDCB280A}.Debug FW 3.5|x86.ActiveCfg = Debug|Any CPU
		{202437B6-9919-4B9B-9351-7496DDCB280A}.Debug|Any CPU.ActiveCfg = Debug|Any CPU
		{202437B6-9919-4B9B-9351-7496DDCB280A}.Debug|Any CPU.Build.0 = Debug|Any CPU
		{202437B6-9919-4B9B-9351-7496DDCB280A}.Debug|x86.ActiveCfg = Debug|Any CPU
		{202437B6-9919-4B9B-9351-7496DDCB280A}.Release|Any CPU.ActiveCfg = Release|Any CPU
		{202437B6-9919-4B9B-9351-7496DDCB280A}.Release|Any CPU.Build.0 = Release|Any CPU
		{202437B6-9919-4B9B-9351-7496DDCB280A}.Release|x86.ActiveCfg = Release|Any CPU
		{202437B6-9919-4B9B-9351-7496DDCB280A}.ReleaseWithAdvancedLogging|Any CPU.ActiveCfg = Release|Any CPU
		{202437B6-9919-4B9B-9351-7496DDCB280A}.ReleaseWithAdvancedLogging|Any CPU.Build.0 = Release|Any CPU
		{202437B6-9919-4B9B-9351-7496DDCB280A}.ReleaseWithAdvancedLogging|x86.ActiveCfg = Release|Any CPU
		{0C4D6DE0-DAF5-49D7-BC56-F79287332045}.Debug FW 3.5|Any CPU.ActiveCfg = Debug|Any CPU
		{0C4D6DE0-DAF5-49D7-BC56-F79287332045}.Debug FW 3.5|Any CPU.Build.0 = Debug|Any CPU
		{0C4D6DE0-DAF5-49D7-BC56-F79287332045}.Debug FW 3.5|x86.ActiveCfg = Debug|Any CPU
		{0C4D6DE0-DAF5-49D7-BC56-F79287332045}.Debug|Any CPU.ActiveCfg = Debug|Any CPU
		{0C4D6DE0-DAF5-49D7-BC56-F79287332045}.Debug|Any CPU.Build.0 = Debug|Any CPU
		{0C4D6DE0-DAF5-49D7-BC56-F79287332045}.Debug|x86.ActiveCfg = Debug|Any CPU
		{0C4D6DE0-DAF5-49D7-BC56-F79287332045}.Release|Any CPU.ActiveCfg = Release|Any CPU
		{0C4D6DE0-DAF5-49D7-BC56-F79287332045}.Release|Any CPU.Build.0 = Release|Any CPU
		{0C4D6DE0-DAF5-49D7-BC56-F79287332045}.Release|x86.ActiveCfg = Release|Any CPU
		{0C4D6DE0-DAF5-49D7-BC56-F79287332045}.ReleaseWithAdvancedLogging|Any CPU.ActiveCfg = Release|Any CPU
		{0C4D6DE0-DAF5-49D7-BC56-F79287332045}.ReleaseWithAdvancedLogging|Any CPU.Build.0 = Release|Any CPU
		{0C4D6DE0-DAF5-49D7-BC56-F79287332045}.ReleaseWithAdvancedLogging|x86.ActiveCfg = Release|Any CPU
		{76AD79C0-57D1-42A0-B6F6-716D894813CC}.Debug FW 3.5|Any CPU.ActiveCfg = Debug|Any CPU
		{76AD79C0-57D1-42A0-B6F6-716D894813CC}.Debug FW 3.5|Any CPU.Build.0 = Debug|Any CPU
		{76AD79C0-57D1-42A0-B6F6-716D894813CC}.Debug FW 3.5|x86.ActiveCfg = Debug|Any CPU
		{76AD79C0-57D1-42A0-B6F6-716D894813CC}.Debug|Any CPU.ActiveCfg = Debug|Any CPU
		{76AD79C0-57D1-42A0-B6F6-716D894813CC}.Debug|Any CPU.Build.0 = Debug|Any CPU
		{76AD79C0-57D1-42A0-B6F6-716D894813CC}.Debug|x86.ActiveCfg = Debug|Any CPU
		{76AD79C0-57D1-42A0-B6F6-716D894813CC}.Release|Any CPU.ActiveCfg = Release|Any CPU
		{76AD79C0-57D1-42A0-B6F6-716D894813CC}.Release|Any CPU.Build.0 = Release|Any CPU
		{76AD79C0-57D1-42A0-B6F6-716D894813CC}.Release|x86.ActiveCfg = Release|Any CPU
		{76AD79C0-57D1-42A0-B6F6-716D894813CC}.ReleaseWithAdvancedLogging|Any CPU.ActiveCfg = Release|Any CPU
		{76AD79C0-57D1-42A0-B6F6-716D894813CC}.ReleaseWithAdvancedLogging|Any CPU.Build.0 = Release|Any CPU
		{76AD79C0-57D1-42A0-B6F6-716D894813CC}.ReleaseWithAdvancedLogging|x86.ActiveCfg = Release|Any CPU
		{1170B0D6-2512-474E-9C69-DEBB7EF5904A}.Debug FW 3.5|Any CPU.ActiveCfg = Debug|Any CPU
		{1170B0D6-2512-474E-9C69-DEBB7EF5904A}.Debug FW 3.5|Any CPU.Build.0 = Debug|Any CPU
		{1170B0D6-2512-474E-9C69-DEBB7EF5904A}.Debug FW 3.5|x86.ActiveCfg = Debug|Any CPU
		{1170B0D6-2512-474E-9C69-DEBB7EF5904A}.Debug|Any CPU.ActiveCfg = Debug|Any CPU
		{1170B0D6-2512-474E-9C69-DEBB7EF5904A}.Debug|Any CPU.Build.0 = Debug|Any CPU
		{1170B0D6-2512-474E-9C69-DEBB7EF5904A}.Debug|x86.ActiveCfg = Debug|Any CPU
		{1170B0D6-2512-474E-9C69-DEBB7EF5904A}.Release|Any CPU.ActiveCfg = Release|Any CPU
		{1170B0D6-2512-474E-9C69-DEBB7EF5904A}.Release|Any CPU.Build.0 = Release|Any CPU
		{1170B0D6-2512-474E-9C69-DEBB7EF5904A}.Release|x86.ActiveCfg = Release|Any CPU
		{1170B0D6-2512-474E-9C69-DEBB7EF5904A}.ReleaseWithAdvancedLogging|Any CPU.ActiveCfg = Release|Any CPU
		{1170B0D6-2512-474E-9C69-DEBB7EF5904A}.ReleaseWithAdvancedLogging|Any CPU.Build.0 = Release|Any CPU
		{1170B0D6-2512-474E-9C69-DEBB7EF5904A}.ReleaseWithAdvancedLogging|x86.ActiveCfg = Release|Any CPU
		{9E72B472-D36D-496F-9FF7-EE2CAEB26003}.Debug FW 3.5|Any CPU.ActiveCfg = Debug|Any CPU
		{9E72B472-D36D-496F-9FF7-EE2CAEB26003}.Debug FW 3.5|Any CPU.Build.0 = Debug|Any CPU
		{9E72B472-D36D-496F-9FF7-EE2CAEB26003}.Debug FW 3.5|x86.ActiveCfg = Debug|Any CPU
		{9E72B472-D36D-496F-9FF7-EE2CAEB26003}.Debug|Any CPU.ActiveCfg = Debug|Any CPU
		{9E72B472-D36D-496F-9FF7-EE2CAEB26003}.Debug|Any CPU.Build.0 = Debug|Any CPU
		{9E72B472-D36D-496F-9FF7-EE2CAEB26003}.Debug|x86.ActiveCfg = Debug|Any CPU
		{9E72B472-D36D-496F-9FF7-EE2CAEB26003}.Release|Any CPU.ActiveCfg = Release|Any CPU
		{9E72B472-D36D-496F-9FF7-EE2CAEB26003}.Release|Any CPU.Build.0 = Release|Any CPU
		{9E72B472-D36D-496F-9FF7-EE2CAEB26003}.Release|x86.ActiveCfg = Release|Any CPU
		{9E72B472-D36D-496F-9FF7-EE2CAEB26003}.ReleaseWithAdvancedLogging|Any CPU.ActiveCfg = Release|Any CPU
		{9E72B472-D36D-496F-9FF7-EE2CAEB26003}.ReleaseWithAdvancedLogging|Any CPU.Build.0 = Release|Any CPU
		{9E72B472-D36D-496F-9FF7-EE2CAEB26003}.ReleaseWithAdvancedLogging|x86.ActiveCfg = Release|Any CPU
		{195A7C92-EC1B-4AF6-92B7-BA53CB643A16}.Debug FW 3.5|Any CPU.ActiveCfg = Debug|Any CPU
		{195A7C92-EC1B-4AF6-92B7-BA53CB643A16}.Debug FW 3.5|Any CPU.Build.0 = Debug|Any CPU
		{195A7C92-EC1B-4AF6-92B7-BA53CB643A16}.Debug FW 3.5|x86.ActiveCfg = Debug|Any CPU
		{195A7C92-EC1B-4AF6-92B7-BA53CB643A16}.Debug|Any CPU.ActiveCfg = Debug|Any CPU
		{195A7C92-EC1B-4AF6-92B7-BA53CB643A16}.Debug|Any CPU.Build.0 = Debug|Any CPU
		{195A7C92-EC1B-4AF6-92B7-BA53CB643A16}.Debug|x86.ActiveCfg = Debug|Any CPU
		{195A7C92-EC1B-4AF6-92B7-BA53CB643A16}.Release|Any CPU.ActiveCfg = Release|Any CPU
		{195A7C92-EC1B-4AF6-92B7-BA53CB643A16}.Release|Any CPU.Build.0 = Release|Any CPU
		{195A7C92-EC1B-4AF6-92B7-BA53CB643A16}.Release|x86.ActiveCfg = Release|Any CPU
		{195A7C92-EC1B-4AF6-92B7-BA53CB643A16}.ReleaseWithAdvancedLogging|Any CPU.ActiveCfg = Release|Any CPU
		{195A7C92-EC1B-4AF6-92B7-BA53CB643A16}.ReleaseWithAdvancedLogging|Any CPU.Build.0 = Release|Any CPU
		{195A7C92-EC1B-4AF6-92B7-BA53CB643A16}.ReleaseWithAdvancedLogging|x86.ActiveCfg = Release|Any CPU
		{992B5172-5694-4340-8AED-04BDA1EF0F63}.Debug FW 3.5|Any CPU.ActiveCfg = Debug|Any CPU
		{992B5172-5694-4340-8AED-04BDA1EF0F63}.Debug FW 3.5|Any CPU.Build.0 = Debug|Any CPU
		{992B5172-5694-4340-8AED-04BDA1EF0F63}.Debug FW 3.5|x86.ActiveCfg = Debug|Any CPU
		{992B5172-5694-4340-8AED-04BDA1EF0F63}.Debug|Any CPU.ActiveCfg = Debug|Any CPU
		{992B5172-5694-4340-8AED-04BDA1EF0F63}.Debug|x86.ActiveCfg = Debug|Any CPU
		{992B5172-5694-4340-8AED-04BDA1EF0F63}.Release|Any CPU.ActiveCfg = Release|Any CPU
		{992B5172-5694-4340-8AED-04BDA1EF0F63}.Release|Any CPU.Build.0 = Release|Any CPU
		{992B5172-5694-4340-8AED-04BDA1EF0F63}.Release|x86.ActiveCfg = Release|Any CPU
		{992B5172-5694-4340-8AED-04BDA1EF0F63}.ReleaseWithAdvancedLogging|Any CPU.ActiveCfg = Release|Any CPU
		{992B5172-5694-4340-8AED-04BDA1EF0F63}.ReleaseWithAdvancedLogging|Any CPU.Build.0 = Release|Any CPU
		{992B5172-5694-4340-8AED-04BDA1EF0F63}.ReleaseWithAdvancedLogging|x86.ActiveCfg = Release|Any CPU
		{BE40DC15-64E2-4861-9148-A891932C123C}.Debug FW 3.5|Any CPU.ActiveCfg = Debug|Any CPU
		{BE40DC15-64E2-4861-9148-A891932C123C}.Debug FW 3.5|Any CPU.Build.0 = Debug|Any CPU
		{BE40DC15-64E2-4861-9148-A891932C123C}.Debug FW 3.5|x86.ActiveCfg = Debug|Any CPU
		{BE40DC15-64E2-4861-9148-A891932C123C}.Debug|Any CPU.ActiveCfg = Debug|Any CPU
		{BE40DC15-64E2-4861-9148-A891932C123C}.Debug|Any CPU.Build.0 = Debug|Any CPU
		{BE40DC15-64E2-4861-9148-A891932C123C}.Debug|x86.ActiveCfg = Debug|Any CPU
		{BE40DC15-64E2-4861-9148-A891932C123C}.Release|Any CPU.ActiveCfg = Release|Any CPU
		{BE40DC15-64E2-4861-9148-A891932C123C}.Release|Any CPU.Build.0 = Release|Any CPU
		{BE40DC15-64E2-4861-9148-A891932C123C}.Release|x86.ActiveCfg = Release|Any CPU
		{BE40DC15-64E2-4861-9148-A891932C123C}.ReleaseWithAdvancedLogging|Any CPU.ActiveCfg = Release|Any CPU
		{BE40DC15-64E2-4861-9148-A891932C123C}.ReleaseWithAdvancedLogging|Any CPU.Build.0 = Release|Any CPU
		{BE40DC15-64E2-4861-9148-A891932C123C}.ReleaseWithAdvancedLogging|x86.ActiveCfg = Release|Any CPU
		{2EBA366E-5675-4C8D-BC2D-C3A2372508E4}.Debug FW 3.5|Any CPU.ActiveCfg = Debug|Any CPU
		{2EBA366E-5675-4C8D-BC2D-C3A2372508E4}.Debug FW 3.5|Any CPU.Build.0 = Debug|Any CPU
		{2EBA366E-5675-4C8D-BC2D-C3A2372508E4}.Debug FW 3.5|x86.ActiveCfg = Debug|Any CPU
		{2EBA366E-5675-4C8D-BC2D-C3A2372508E4}.Debug|Any CPU.ActiveCfg = Debug|Any CPU
		{2EBA366E-5675-4C8D-BC2D-C3A2372508E4}.Debug|Any CPU.Build.0 = Debug|Any CPU
		{2EBA366E-5675-4C8D-BC2D-C3A2372508E4}.Debug|x86.ActiveCfg = Debug|Any CPU
		{2EBA366E-5675-4C8D-BC2D-C3A2372508E4}.Release|Any CPU.ActiveCfg = Release|Any CPU
		{2EBA366E-5675-4C8D-BC2D-C3A2372508E4}.Release|Any CPU.Build.0 = Release|Any CPU
		{2EBA366E-5675-4C8D-BC2D-C3A2372508E4}.Release|x86.ActiveCfg = Release|Any CPU
		{2EBA366E-5675-4C8D-BC2D-C3A2372508E4}.ReleaseWithAdvancedLogging|Any CPU.ActiveCfg = Release|Any CPU
		{2EBA366E-5675-4C8D-BC2D-C3A2372508E4}.ReleaseWithAdvancedLogging|Any CPU.Build.0 = Release|Any CPU
		{2EBA366E-5675-4C8D-BC2D-C3A2372508E4}.ReleaseWithAdvancedLogging|x86.ActiveCfg = Release|Any CPU
		{9E29EF27-3F61-46D5-AF6C-8E07E6C3107C}.Debug FW 3.5|Any CPU.ActiveCfg = Debug|Any CPU
		{9E29EF27-3F61-46D5-AF6C-8E07E6C3107C}.Debug FW 3.5|Any CPU.Build.0 = Debug|Any CPU
		{9E29EF27-3F61-46D5-AF6C-8E07E6C3107C}.Debug FW 3.5|x86.ActiveCfg = Debug|Any CPU
		{9E29EF27-3F61-46D5-AF6C-8E07E6C3107C}.Debug|Any CPU.ActiveCfg = Debug|Any CPU
		{9E29EF27-3F61-46D5-AF6C-8E07E6C3107C}.Debug|Any CPU.Build.0 = Debug|Any CPU
		{9E29EF27-3F61-46D5-AF6C-8E07E6C3107C}.Debug|x86.ActiveCfg = Debug|Any CPU
		{9E29EF27-3F61-46D5-AF6C-8E07E6C3107C}.Release|Any CPU.ActiveCfg = Release|Any CPU
		{9E29EF27-3F61-46D5-AF6C-8E07E6C3107C}.Release|Any CPU.Build.0 = Release|Any CPU
		{9E29EF27-3F61-46D5-AF6C-8E07E6C3107C}.Release|x86.ActiveCfg = Release|Any CPU
		{9E29EF27-3F61-46D5-AF6C-8E07E6C3107C}.ReleaseWithAdvancedLogging|Any CPU.ActiveCfg = Release|Any CPU
		{9E29EF27-3F61-46D5-AF6C-8E07E6C3107C}.ReleaseWithAdvancedLogging|Any CPU.Build.0 = Release|Any CPU
		{9E29EF27-3F61-46D5-AF6C-8E07E6C3107C}.ReleaseWithAdvancedLogging|x86.ActiveCfg = Release|Any CPU
		{74F7678F-70A3-4441-BF17-E7B75B3F80E5}.Debug FW 3.5|Any CPU.ActiveCfg = Debug|Any CPU
		{74F7678F-70A3-4441-BF17-E7B75B3F80E5}.Debug FW 3.5|Any CPU.Build.0 = Debug|Any CPU
		{74F7678F-70A3-4441-BF17-E7B75B3F80E5}.Debug FW 3.5|x86.ActiveCfg = Debug|Any CPU
		{74F7678F-70A3-4441-BF17-E7B75B3F80E5}.Debug|Any CPU.ActiveCfg = Debug|Any CPU
		{74F7678F-70A3-4441-BF17-E7B75B3F80E5}.Debug|Any CPU.Build.0 = Debug|Any CPU
		{74F7678F-70A3-4441-BF17-E7B75B3F80E5}.Debug|x86.ActiveCfg = Debug|Any CPU
		{74F7678F-70A3-4441-BF17-E7B75B3F80E5}.Release|Any CPU.ActiveCfg = Release|Any CPU
		{74F7678F-70A3-4441-BF17-E7B75B3F80E5}.Release|Any CPU.Build.0 = Release|Any CPU
		{74F7678F-70A3-4441-BF17-E7B75B3F80E5}.Release|x86.ActiveCfg = Release|Any CPU
		{74F7678F-70A3-4441-BF17-E7B75B3F80E5}.ReleaseWithAdvancedLogging|Any CPU.ActiveCfg = Release|Any CPU
		{74F7678F-70A3-4441-BF17-E7B75B3F80E5}.ReleaseWithAdvancedLogging|Any CPU.Build.0 = Release|Any CPU
		{74F7678F-70A3-4441-BF17-E7B75B3F80E5}.ReleaseWithAdvancedLogging|x86.ActiveCfg = Release|Any CPU
		{763CF04C-DEFB-4B6E-A52A-F5C36E20A2A2}.Debug FW 3.5|Any CPU.ActiveCfg = Debug|Any CPU
		{763CF04C-DEFB-4B6E-A52A-F5C36E20A2A2}.Debug FW 3.5|Any CPU.Build.0 = Debug|Any CPU
		{763CF04C-DEFB-4B6E-A52A-F5C36E20A2A2}.Debug FW 3.5|x86.ActiveCfg = Debug|Any CPU
		{763CF04C-DEFB-4B6E-A52A-F5C36E20A2A2}.Debug|Any CPU.ActiveCfg = Debug|Any CPU
		{763CF04C-DEFB-4B6E-A52A-F5C36E20A2A2}.Debug|Any CPU.Build.0 = Debug|Any CPU
		{763CF04C-DEFB-4B6E-A52A-F5C36E20A2A2}.Debug|x86.ActiveCfg = Debug|Any CPU
		{763CF04C-DEFB-4B6E-A52A-F5C36E20A2A2}.Release|Any CPU.ActiveCfg = Release|Any CPU
		{763CF04C-DEFB-4B6E-A52A-F5C36E20A2A2}.Release|Any CPU.Build.0 = Release|Any CPU
		{763CF04C-DEFB-4B6E-A52A-F5C36E20A2A2}.Release|x86.ActiveCfg = Release|Any CPU
		{763CF04C-DEFB-4B6E-A52A-F5C36E20A2A2}.ReleaseWithAdvancedLogging|Any CPU.ActiveCfg = Release|Any CPU
		{763CF04C-DEFB-4B6E-A52A-F5C36E20A2A2}.ReleaseWithAdvancedLogging|Any CPU.Build.0 = Release|Any CPU
		{763CF04C-DEFB-4B6E-A52A-F5C36E20A2A2}.ReleaseWithAdvancedLogging|x86.ActiveCfg = Release|Any CPU
		{FC924B22-160A-4F7F-98EB-63E420DE694E}.Debug FW 3.5|Any CPU.ActiveCfg = Debug|Any CPU
		{FC924B22-160A-4F7F-98EB-63E420DE694E}.Debug FW 3.5|Any CPU.Build.0 = Debug|Any CPU
		{FC924B22-160A-4F7F-98EB-63E420DE694E}.Debug FW 3.5|x86.ActiveCfg = Debug|x86
		{FC924B22-160A-4F7F-98EB-63E420DE694E}.Debug FW 3.5|x86.Build.0 = Debug|x86
		{FC924B22-160A-4F7F-98EB-63E420DE694E}.Debug|Any CPU.ActiveCfg = Debug|Any CPU
		{FC924B22-160A-4F7F-98EB-63E420DE694E}.Debug|Any CPU.Build.0 = Debug|Any CPU
		{FC924B22-160A-4F7F-98EB-63E420DE694E}.Debug|x86.ActiveCfg = Debug|x86
		{FC924B22-160A-4F7F-98EB-63E420DE694E}.Debug|x86.Build.0 = Debug|x86
		{FC924B22-160A-4F7F-98EB-63E420DE694E}.Release|Any CPU.ActiveCfg = Release|Any CPU
		{FC924B22-160A-4F7F-98EB-63E420DE694E}.Release|Any CPU.Build.0 = Release|Any CPU
		{FC924B22-160A-4F7F-98EB-63E420DE694E}.Release|x86.ActiveCfg = Release|x86
		{FC924B22-160A-4F7F-98EB-63E420DE694E}.Release|x86.Build.0 = Release|x86
		{FC924B22-160A-4F7F-98EB-63E420DE694E}.ReleaseWithAdvancedLogging|Any CPU.ActiveCfg = ReleaseWithAdvancedLogging|Any CPU
		{FC924B22-160A-4F7F-98EB-63E420DE694E}.ReleaseWithAdvancedLogging|Any CPU.Build.0 = ReleaseWithAdvancedLogging|Any CPU
		{FC924B22-160A-4F7F-98EB-63E420DE694E}.ReleaseWithAdvancedLogging|x86.ActiveCfg = ReleaseWithAdvancedLogging|x86
		{FC924B22-160A-4F7F-98EB-63E420DE694E}.ReleaseWithAdvancedLogging|x86.Build.0 = ReleaseWithAdvancedLogging|x86
		{62C764EF-3080-49FE-A707-B44EB9A33ED0}.Debug FW 3.5|Any CPU.ActiveCfg = Debug|Any CPU
		{62C764EF-3080-49FE-A707-B44EB9A33ED0}.Debug FW 3.5|Any CPU.Build.0 = Debug|Any CPU
		{62C764EF-3080-49FE-A707-B44EB9A33ED0}.Debug FW 3.5|x86.ActiveCfg = Debug|Any CPU
		{62C764EF-3080-49FE-A707-B44EB9A33ED0}.Debug|Any CPU.ActiveCfg = Debug|Any CPU
		{62C764EF-3080-49FE-A707-B44EB9A33ED0}.Debug|Any CPU.Build.0 = Debug|Any CPU
		{62C764EF-3080-49FE-A707-B44EB9A33ED0}.Debug|x86.ActiveCfg = Debug|Any CPU
		{62C764EF-3080-49FE-A707-B44EB9A33ED0}.Release|Any CPU.ActiveCfg = Release|Any CPU
		{62C764EF-3080-49FE-A707-B44EB9A33ED0}.Release|Any CPU.Build.0 = Release|Any CPU
		{62C764EF-3080-49FE-A707-B44EB9A33ED0}.Release|x86.ActiveCfg = Release|Any CPU
		{62C764EF-3080-49FE-A707-B44EB9A33ED0}.ReleaseWithAdvancedLogging|Any CPU.ActiveCfg = Release|Any CPU
		{62C764EF-3080-49FE-A707-B44EB9A33ED0}.ReleaseWithAdvancedLogging|Any CPU.Build.0 = Release|Any CPU
		{62C764EF-3080-49FE-A707-B44EB9A33ED0}.ReleaseWithAdvancedLogging|x86.ActiveCfg = Release|Any CPU
		{42E9C594-1C25-4501-A421-4697EDB76B01}.Debug FW 3.5|Any CPU.ActiveCfg = Debug|Any CPU
		{42E9C594-1C25-4501-A421-4697EDB76B01}.Debug FW 3.5|Any CPU.Build.0 = Debug|Any CPU
		{42E9C594-1C25-4501-A421-4697EDB76B01}.Debug FW 3.5|x86.ActiveCfg = Debug|Any CPU
		{42E9C594-1C25-4501-A421-4697EDB76B01}.Debug|Any CPU.ActiveCfg = Debug|Any CPU
		{42E9C594-1C25-4501-A421-4697EDB76B01}.Debug|Any CPU.Build.0 = Debug|Any CPU
		{42E9C594-1C25-4501-A421-4697EDB76B01}.Debug|x86.ActiveCfg = Debug|Any CPU
		{42E9C594-1C25-4501-A421-4697EDB76B01}.Release|Any CPU.ActiveCfg = Release|Any CPU
		{42E9C594-1C25-4501-A421-4697EDB76B01}.Release|Any CPU.Build.0 = Release|Any CPU
		{42E9C594-1C25-4501-A421-4697EDB76B01}.Release|x86.ActiveCfg = Release|Any CPU
		{42E9C594-1C25-4501-A421-4697EDB76B01}.ReleaseWithAdvancedLogging|Any CPU.ActiveCfg = Release|Any CPU
		{42E9C594-1C25-4501-A421-4697EDB76B01}.ReleaseWithAdvancedLogging|Any CPU.Build.0 = Release|Any CPU
		{42E9C594-1C25-4501-A421-4697EDB76B01}.ReleaseWithAdvancedLogging|x86.ActiveCfg = Release|Any CPU
		{89C27911-8685-4454-A6C4-E06415AFE096}.Debug FW 3.5|Any CPU.ActiveCfg = Debug|Any CPU
		{89C27911-8685-4454-A6C4-E06415AFE096}.Debug FW 3.5|Any CPU.Build.0 = Debug|Any CPU
		{89C27911-8685-4454-A6C4-E06415AFE096}.Debug FW 3.5|x86.ActiveCfg = Debug|Any CPU
		{89C27911-8685-4454-A6C4-E06415AFE096}.Debug|Any CPU.ActiveCfg = Debug|Any CPU
		{89C27911-8685-4454-A6C4-E06415AFE096}.Debug|Any CPU.Build.0 = Debug|Any CPU
		{89C27911-8685-4454-A6C4-E06415AFE096}.Debug|x86.ActiveCfg = Debug|Any CPU
		{89C27911-8685-4454-A6C4-E06415AFE096}.Release|Any CPU.ActiveCfg = Release|Any CPU
		{89C27911-8685-4454-A6C4-E06415AFE096}.Release|Any CPU.Build.0 = Release|Any CPU
		{89C27911-8685-4454-A6C4-E06415AFE096}.Release|x86.ActiveCfg = Release|Any CPU
		{89C27911-8685-4454-A6C4-E06415AFE096}.ReleaseWithAdvancedLogging|Any CPU.ActiveCfg = Release|Any CPU
		{89C27911-8685-4454-A6C4-E06415AFE096}.ReleaseWithAdvancedLogging|Any CPU.Build.0 = Release|Any CPU
		{89C27911-8685-4454-A6C4-E06415AFE096}.ReleaseWithAdvancedLogging|x86.ActiveCfg = Release|Any CPU
		{64C8F921-DBF3-490A-AB1F-385EB1C41D53}.Debug FW 3.5|Any CPU.ActiveCfg = Debug|Any CPU
		{64C8F921-DBF3-490A-AB1F-385EB1C41D53}.Debug FW 3.5|Any CPU.Build.0 = Debug|Any CPU
		{64C8F921-DBF3-490A-AB1F-385EB1C41D53}.Debug FW 3.5|x86.ActiveCfg = Debug|Any CPU
		{64C8F921-DBF3-490A-AB1F-385EB1C41D53}.Debug|Any CPU.ActiveCfg = Debug|Any CPU
		{64C8F921-DBF3-490A-AB1F-385EB1C41D53}.Debug|Any CPU.Build.0 = Debug|Any CPU
		{64C8F921-DBF3-490A-AB1F-385EB1C41D53}.Debug|x86.ActiveCfg = Debug|Any CPU
		{64C8F921-DBF3-490A-AB1F-385EB1C41D53}.Release|Any CPU.ActiveCfg = Release|Any CPU
		{64C8F921-DBF3-490A-AB1F-385EB1C41D53}.Release|Any CPU.Build.0 = Release|Any CPU
		{64C8F921-DBF3-490A-AB1F-385EB1C41D53}.Release|x86.ActiveCfg = Release|Any CPU
		{64C8F921-DBF3-490A-AB1F-385EB1C41D53}.ReleaseWithAdvancedLogging|Any CPU.ActiveCfg = Release|Any CPU
		{64C8F921-DBF3-490A-AB1F-385EB1C41D53}.ReleaseWithAdvancedLogging|Any CPU.Build.0 = Release|Any CPU
		{64C8F921-DBF3-490A-AB1F-385EB1C41D53}.ReleaseWithAdvancedLogging|x86.ActiveCfg = Release|Any CPU
		{C5C006B4-2EE2-4AD1-B338-B6C7F6FF2BFA}.Debug FW 3.5|Any CPU.ActiveCfg = Debug|Any CPU
		{C5C006B4-2EE2-4AD1-B338-B6C7F6FF2BFA}.Debug FW 3.5|Any CPU.Build.0 = Debug|Any CPU
		{C5C006B4-2EE2-4AD1-B338-B6C7F6FF2BFA}.Debug FW 3.5|x86.ActiveCfg = Debug|Any CPU
		{C5C006B4-2EE2-4AD1-B338-B6C7F6FF2BFA}.Debug|Any CPU.ActiveCfg = Debug|Any CPU
		{C5C006B4-2EE2-4AD1-B338-B6C7F6FF2BFA}.Debug|Any CPU.Build.0 = Debug|Any CPU
		{C5C006B4-2EE2-4AD1-B338-B6C7F6FF2BFA}.Debug|x86.ActiveCfg = Debug|Any CPU
		{C5C006B4-2EE2-4AD1-B338-B6C7F6FF2BFA}.Release|Any CPU.ActiveCfg = Release|Any CPU
		{C5C006B4-2EE2-4AD1-B338-B6C7F6FF2BFA}.Release|Any CPU.Build.0 = Release|Any CPU
		{C5C006B4-2EE2-4AD1-B338-B6C7F6FF2BFA}.Release|x86.ActiveCfg = Release|Any CPU
		{C5C006B4-2EE2-4AD1-B338-B6C7F6FF2BFA}.ReleaseWithAdvancedLogging|Any CPU.ActiveCfg = Release|Any CPU
		{C5C006B4-2EE2-4AD1-B338-B6C7F6FF2BFA}.ReleaseWithAdvancedLogging|Any CPU.Build.0 = Release|Any CPU
		{C5C006B4-2EE2-4AD1-B338-B6C7F6FF2BFA}.ReleaseWithAdvancedLogging|x86.ActiveCfg = Release|Any CPU
		{C7ED894E-1A28-4FE0-86EB-8A1BA341B860}.Debug FW 3.5|Any CPU.ActiveCfg = Debug|Any CPU
		{C7ED894E-1A28-4FE0-86EB-8A1BA341B860}.Debug FW 3.5|Any CPU.Build.0 = Debug|Any CPU
		{C7ED894E-1A28-4FE0-86EB-8A1BA341B860}.Debug FW 3.5|x86.ActiveCfg = Debug|Any CPU
		{C7ED894E-1A28-4FE0-86EB-8A1BA341B860}.Debug|Any CPU.ActiveCfg = Debug|Any CPU
		{C7ED894E-1A28-4FE0-86EB-8A1BA341B860}.Debug|Any CPU.Build.0 = Debug|Any CPU
		{C7ED894E-1A28-4FE0-86EB-8A1BA341B860}.Debug|x86.ActiveCfg = Debug|Any CPU
		{C7ED894E-1A28-4FE0-86EB-8A1BA341B860}.Release|Any CPU.ActiveCfg = Release|Any CPU
		{C7ED894E-1A28-4FE0-86EB-8A1BA341B860}.Release|Any CPU.Build.0 = Release|Any CPU
		{C7ED894E-1A28-4FE0-86EB-8A1BA341B860}.Release|x86.ActiveCfg = Release|Any CPU
		{C7ED894E-1A28-4FE0-86EB-8A1BA341B860}.ReleaseWithAdvancedLogging|Any CPU.ActiveCfg = Release|Any CPU
		{C7ED894E-1A28-4FE0-86EB-8A1BA341B860}.ReleaseWithAdvancedLogging|Any CPU.Build.0 = Release|Any CPU
		{C7ED894E-1A28-4FE0-86EB-8A1BA341B860}.ReleaseWithAdvancedLogging|x86.ActiveCfg = Release|Any CPU
		{A42273F8-0046-4D30-8639-899EDD9B2A57}.Debug FW 3.5|Any CPU.ActiveCfg = Debug|Any CPU
		{A42273F8-0046-4D30-8639-899EDD9B2A57}.Debug FW 3.5|Any CPU.Build.0 = Debug|Any CPU
		{A42273F8-0046-4D30-8639-899EDD9B2A57}.Debug FW 3.5|x86.ActiveCfg = Debug|Any CPU
		{A42273F8-0046-4D30-8639-899EDD9B2A57}.Debug|Any CPU.ActiveCfg = Debug|Any CPU
		{A42273F8-0046-4D30-8639-899EDD9B2A57}.Debug|Any CPU.Build.0 = Debug|Any CPU
		{A42273F8-0046-4D30-8639-899EDD9B2A57}.Debug|x86.ActiveCfg = Debug|Any CPU
		{A42273F8-0046-4D30-8639-899EDD9B2A57}.Release|Any CPU.ActiveCfg = Release|Any CPU
		{A42273F8-0046-4D30-8639-899EDD9B2A57}.Release|Any CPU.Build.0 = Release|Any CPU
		{A42273F8-0046-4D30-8639-899EDD9B2A57}.Release|x86.ActiveCfg = Release|Any CPU
		{A42273F8-0046-4D30-8639-899EDD9B2A57}.ReleaseWithAdvancedLogging|Any CPU.ActiveCfg = Release|Any CPU
		{A42273F8-0046-4D30-8639-899EDD9B2A57}.ReleaseWithAdvancedLogging|Any CPU.Build.0 = Release|Any CPU
		{A42273F8-0046-4D30-8639-899EDD9B2A57}.ReleaseWithAdvancedLogging|x86.ActiveCfg = Release|Any CPU
		{6217B3B3-2007-4AD7-8C8E-499178B15104}.Debug FW 3.5|Any CPU.ActiveCfg = Debug|Any CPU
		{6217B3B3-2007-4AD7-8C8E-499178B15104}.Debug FW 3.5|Any CPU.Build.0 = Debug|Any CPU
		{6217B3B3-2007-4AD7-8C8E-499178B15104}.Debug FW 3.5|x86.ActiveCfg = Debug|Any CPU
		{6217B3B3-2007-4AD7-8C8E-499178B15104}.Debug|Any CPU.ActiveCfg = Debug|Any CPU
		{6217B3B3-2007-4AD7-8C8E-499178B15104}.Debug|Any CPU.Build.0 = Debug|Any CPU
		{6217B3B3-2007-4AD7-8C8E-499178B15104}.Debug|x86.ActiveCfg = Debug|Any CPU
		{6217B3B3-2007-4AD7-8C8E-499178B15104}.Release|Any CPU.ActiveCfg = Release|Any CPU
		{6217B3B3-2007-4AD7-8C8E-499178B15104}.Release|Any CPU.Build.0 = Release|Any CPU
		{6217B3B3-2007-4AD7-8C8E-499178B15104}.Release|x86.ActiveCfg = Release|Any CPU
		{6217B3B3-2007-4AD7-8C8E-499178B15104}.ReleaseWithAdvancedLogging|Any CPU.ActiveCfg = Release|Any CPU
		{6217B3B3-2007-4AD7-8C8E-499178B15104}.ReleaseWithAdvancedLogging|Any CPU.Build.0 = Release|Any CPU
		{6217B3B3-2007-4AD7-8C8E-499178B15104}.ReleaseWithAdvancedLogging|x86.ActiveCfg = Release|Any CPU
		{07D069E2-7D7B-4BF1-B509-E3FEC0A7CEFC}.Debug FW 3.5|Any CPU.ActiveCfg = Debug|Any CPU
		{07D069E2-7D7B-4BF1-B509-E3FEC0A7CEFC}.Debug FW 3.5|Any CPU.Build.0 = Debug|Any CPU
		{07D069E2-7D7B-4BF1-B509-E3FEC0A7CEFC}.Debug FW 3.5|x86.ActiveCfg = Debug|Any CPU
		{07D069E2-7D7B-4BF1-B509-E3FEC0A7CEFC}.Debug|Any CPU.ActiveCfg = Debug|Any CPU
		{07D069E2-7D7B-4BF1-B509-E3FEC0A7CEFC}.Debug|Any CPU.Build.0 = Debug|Any CPU
		{07D069E2-7D7B-4BF1-B509-E3FEC0A7CEFC}.Debug|x86.ActiveCfg = Debug|Any CPU
		{07D069E2-7D7B-4BF1-B509-E3FEC0A7CEFC}.Release|Any CPU.ActiveCfg = Release|Any CPU
		{07D069E2-7D7B-4BF1-B509-E3FEC0A7CEFC}.Release|Any CPU.Build.0 = Release|Any CPU
		{07D069E2-7D7B-4BF1-B509-E3FEC0A7CEFC}.Release|x86.ActiveCfg = Release|Any CPU
		{07D069E2-7D7B-4BF1-B509-E3FEC0A7CEFC}.ReleaseWithAdvancedLogging|Any CPU.ActiveCfg = Release|Any CPU
		{07D069E2-7D7B-4BF1-B509-E3FEC0A7CEFC}.ReleaseWithAdvancedLogging|Any CPU.Build.0 = Release|Any CPU
		{07D069E2-7D7B-4BF1-B509-E3FEC0A7CEFC}.ReleaseWithAdvancedLogging|x86.ActiveCfg = Release|Any CPU
		{41159393-55B8-4285-885A-3A07BEB49668}.Debug FW 3.5|Any CPU.ActiveCfg = Debug|Any CPU
		{41159393-55B8-4285-885A-3A07BEB49668}.Debug FW 3.5|Any CPU.Build.0 = Debug|Any CPU
		{41159393-55B8-4285-885A-3A07BEB49668}.Debug FW 3.5|x86.ActiveCfg = Debug|Any CPU
		{41159393-55B8-4285-885A-3A07BEB49668}.Debug|Any CPU.ActiveCfg = Debug|Any CPU
		{41159393-55B8-4285-885A-3A07BEB49668}.Debug|Any CPU.Build.0 = Debug|Any CPU
		{41159393-55B8-4285-885A-3A07BEB49668}.Debug|x86.ActiveCfg = Debug|Any CPU
		{41159393-55B8-4285-885A-3A07BEB49668}.Release|Any CPU.ActiveCfg = Release|Any CPU
		{41159393-55B8-4285-885A-3A07BEB49668}.Release|Any CPU.Build.0 = Release|Any CPU
		{41159393-55B8-4285-885A-3A07BEB49668}.Release|x86.ActiveCfg = Release|Any CPU
		{41159393-55B8-4285-885A-3A07BEB49668}.ReleaseWithAdvancedLogging|Any CPU.ActiveCfg = Release|Any CPU
		{41159393-55B8-4285-885A-3A07BEB49668}.ReleaseWithAdvancedLogging|Any CPU.Build.0 = Release|Any CPU
		{41159393-55B8-4285-885A-3A07BEB49668}.ReleaseWithAdvancedLogging|x86.ActiveCfg = Release|Any CPU
		{38AB830F-A950-47FE-B439-2EC9204B6AC4}.Debug FW 3.5|Any CPU.ActiveCfg = Debug|Any CPU
		{38AB830F-A950-47FE-B439-2EC9204B6AC4}.Debug FW 3.5|Any CPU.Build.0 = Debug|Any CPU
		{38AB830F-A950-47FE-B439-2EC9204B6AC4}.Debug FW 3.5|x86.ActiveCfg = Debug|Any CPU
		{38AB830F-A950-47FE-B439-2EC9204B6AC4}.Debug|Any CPU.ActiveCfg = Debug|Any CPU
		{38AB830F-A950-47FE-B439-2EC9204B6AC4}.Debug|Any CPU.Build.0 = Debug|Any CPU
		{38AB830F-A950-47FE-B439-2EC9204B6AC4}.Debug|x86.ActiveCfg = Debug|Any CPU
		{38AB830F-A950-47FE-B439-2EC9204B6AC4}.Release|Any CPU.ActiveCfg = Release|Any CPU
		{38AB830F-A950-47FE-B439-2EC9204B6AC4}.Release|Any CPU.Build.0 = Release|Any CPU
		{38AB830F-A950-47FE-B439-2EC9204B6AC4}.Release|x86.ActiveCfg = Release|Any CPU
		{38AB830F-A950-47FE-B439-2EC9204B6AC4}.ReleaseWithAdvancedLogging|Any CPU.ActiveCfg = Release|Any CPU
		{38AB830F-A950-47FE-B439-2EC9204B6AC4}.ReleaseWithAdvancedLogging|Any CPU.Build.0 = Release|Any CPU
		{38AB830F-A950-47FE-B439-2EC9204B6AC4}.ReleaseWithAdvancedLogging|x86.ActiveCfg = Release|Any CPU
		{8A7AA7F5-634E-4E27-99B4-6F689DE05DA2}.Debug FW 3.5|Any CPU.ActiveCfg = Debug|Any CPU
		{8A7AA7F5-634E-4E27-99B4-6F689DE05DA2}.Debug FW 3.5|Any CPU.Build.0 = Debug|Any CPU
		{8A7AA7F5-634E-4E27-99B4-6F689DE05DA2}.Debug FW 3.5|x86.ActiveCfg = Debug|Any CPU
		{8A7AA7F5-634E-4E27-99B4-6F689DE05DA2}.Debug|Any CPU.ActiveCfg = Debug|Any CPU
		{8A7AA7F5-634E-4E27-99B4-6F689DE05DA2}.Debug|Any CPU.Build.0 = Debug|Any CPU
		{8A7AA7F5-634E-4E27-99B4-6F689DE05DA2}.Debug|x86.ActiveCfg = Debug|Any CPU
		{8A7AA7F5-634E-4E27-99B4-6F689DE05DA2}.Release|Any CPU.ActiveCfg = Release|Any CPU
		{8A7AA7F5-634E-4E27-99B4-6F689DE05DA2}.Release|Any CPU.Build.0 = Release|Any CPU
		{8A7AA7F5-634E-4E27-99B4-6F689DE05DA2}.Release|x86.ActiveCfg = Release|Any CPU
		{8A7AA7F5-634E-4E27-99B4-6F689DE05DA2}.ReleaseWithAdvancedLogging|Any CPU.ActiveCfg = Release|Any CPU
		{8A7AA7F5-634E-4E27-99B4-6F689DE05DA2}.ReleaseWithAdvancedLogging|Any CPU.Build.0 = Release|Any CPU
		{8A7AA7F5-634E-4E27-99B4-6F689DE05DA2}.ReleaseWithAdvancedLogging|x86.ActiveCfg = Release|Any CPU
		{133E63BA-83EC-4FB8-BADF-8D13DCC3CBAD}.Debug FW 3.5|Any CPU.ActiveCfg = Debug|Any CPU
		{133E63BA-83EC-4FB8-BADF-8D13DCC3CBAD}.Debug FW 3.5|Any CPU.Build.0 = Debug|Any CPU
		{133E63BA-83EC-4FB8-BADF-8D13DCC3CBAD}.Debug FW 3.5|x86.ActiveCfg = Debug|Any CPU
		{133E63BA-83EC-4FB8-BADF-8D13DCC3CBAD}.Debug|Any CPU.ActiveCfg = Debug|Any CPU
		{133E63BA-83EC-4FB8-BADF-8D13DCC3CBAD}.Debug|Any CPU.Build.0 = Debug|Any CPU
		{133E63BA-83EC-4FB8-BADF-8D13DCC3CBAD}.Debug|x86.ActiveCfg = Debug|Any CPU
		{133E63BA-83EC-4FB8-BADF-8D13DCC3CBAD}.Release|Any CPU.ActiveCfg = Release|Any CPU
		{133E63BA-83EC-4FB8-BADF-8D13DCC3CBAD}.Release|Any CPU.Build.0 = Release|Any CPU
		{133E63BA-83EC-4FB8-BADF-8D13DCC3CBAD}.Release|x86.ActiveCfg = Release|Any CPU
		{133E63BA-83EC-4FB8-BADF-8D13DCC3CBAD}.ReleaseWithAdvancedLogging|Any CPU.ActiveCfg = Release|Any CPU
		{133E63BA-83EC-4FB8-BADF-8D13DCC3CBAD}.ReleaseWithAdvancedLogging|Any CPU.Build.0 = Release|Any CPU
		{133E63BA-83EC-4FB8-BADF-8D13DCC3CBAD}.ReleaseWithAdvancedLogging|x86.ActiveCfg = Release|Any CPU
		{EDCB6EA5-7051-42CA-95CE-5B57F9CFE8CC}.Debug FW 3.5|Any CPU.ActiveCfg = Debug|Any CPU
		{EDCB6EA5-7051-42CA-95CE-5B57F9CFE8CC}.Debug FW 3.5|Any CPU.Build.0 = Debug|Any CPU
		{EDCB6EA5-7051-42CA-95CE-5B57F9CFE8CC}.Debug FW 3.5|x86.ActiveCfg = Debug|Any CPU
		{EDCB6EA5-7051-42CA-95CE-5B57F9CFE8CC}.Debug|Any CPU.ActiveCfg = Debug|Any CPU
		{EDCB6EA5-7051-42CA-95CE-5B57F9CFE8CC}.Debug|Any CPU.Build.0 = Debug|Any CPU
		{EDCB6EA5-7051-42CA-95CE-5B57F9CFE8CC}.Debug|x86.ActiveCfg = Debug|Any CPU
		{EDCB6EA5-7051-42CA-95CE-5B57F9CFE8CC}.Release|Any CPU.ActiveCfg = Release|Any CPU
		{EDCB6EA5-7051-42CA-95CE-5B57F9CFE8CC}.Release|Any CPU.Build.0 = Release|Any CPU
		{EDCB6EA5-7051-42CA-95CE-5B57F9CFE8CC}.Release|x86.ActiveCfg = Release|Any CPU
		{EDCB6EA5-7051-42CA-95CE-5B57F9CFE8CC}.ReleaseWithAdvancedLogging|Any CPU.ActiveCfg = Release|Any CPU
		{EDCB6EA5-7051-42CA-95CE-5B57F9CFE8CC}.ReleaseWithAdvancedLogging|Any CPU.Build.0 = Release|Any CPU
		{EDCB6EA5-7051-42CA-95CE-5B57F9CFE8CC}.ReleaseWithAdvancedLogging|x86.ActiveCfg = Release|Any CPU
	EndGlobalSection
	GlobalSection(SolutionProperties) = preSolution
		HideSolutionNode = FALSE
	EndGlobalSection
EndGlobal
